
Microsoft Visual Studio Solution File, Format Version 11.00
# Visual Studio 2010
Project("{FAE04EC0-301F-11D3-BF4B-00C04F79EFBC}") = "FileWatcherService", "FileWatcherService\FileWatcherService.csproj", "{814D58D1-4B11-46E6-B21B-B54D0BAC2893}"
EndProject
Global
	GlobalSection(SolutionConfigurationPlatforms) = preSolution
		Debug|x86 = Debug|x86
		Release|x86 = Release|x86
	EndGlobalSection
	GlobalSection(ProjectConfigurationPlatforms) = postSolution
		{814D58D1-4B11-46E6-B21B-B54D0BAC2893}.Debug|x86.ActiveCfg = Debug|x86
		{814D58D1-4B11-46E6-B21B-B54D0BAC2893}.Debug|x86.Build.0 = Debug|x86
		{814D58D1-4B11-46E6-B21B-B54D0BAC2893}.Release|x86.ActiveCfg = Release|x86
		{814D58D1-4B11-46E6-B21B-B54D0BAC2893}.Release|x86.Build.0 = Release|x86
	EndGlobalSection
	GlobalSection(SolutionProperties) = preSolution
		HideSolutionNode = FALSE
	EndGlobalSection
EndGlobal
